
Microsoft Visual Studio Solution File, Format Version 12.00
# Visual Studio Version 16
VisualStudioVersion = 16.0.31019.35
MinimumVisualStudioVersion = 10.0.40219.1
Project("{E24C65DC-7377-472B-9ABA-BC803B73C61A}") = "Ica09_SinghRajeshwar", "Ica09_SinghRajeshwar\", "{096D60D0-7683-4A90-8DF0-C2A67FCE62E9}"
	ProjectSection(WebsiteProperties) = preProject
		TargetFrameworkMoniker = ".NETFramework,Version%3Dv4.7.2"
		Debug.AspNetCompiler.VirtualPath = "/localhost_58262"
		Debug.AspNetCompiler.PhysicalPath = "Ica09_SinghRajeshwar\"
		Debug.AspNetCompiler.TargetPath = "PrecompiledWeb\localhost_58262\"
		Debug.AspNetCompiler.Updateable = "true"
		Debug.AspNetCompiler.ForceOverwrite = "true"
		Debug.AspNetCompiler.FixedNames = "false"
		Debug.AspNetCompiler.Debug = "True"
		Release.AspNetCompiler.VirtualPath = "/localhost_58262"
		Release.AspNetCompiler.PhysicalPath = "Ica09_SinghRajeshwar\"
		Release.AspNetCompiler.TargetPath = "PrecompiledWeb\localhost_58262\"
		Release.AspNetCompiler.Updateable = "true"
		Release.AspNetCompiler.ForceOverwrite = "true"
		Release.AspNetCompiler.FixedNames = "false"
		Release.AspNetCompiler.Debug = "False"
		VWDPort = "58262"
		DefaultWebSiteLanguage = "Visual C#"
	EndProjectSection
EndProject
Global
	GlobalSection(SolutionConfigurationPlatforms) = preSolution
		Debug|Any CPU = Debug|Any CPU
	EndGlobalSection
	GlobalSection(ProjectConfigurationPlatforms) = postSolution
		{096D60D0-7683-4A90-8DF0-C2A67FCE62E9}.Debug|Any CPU.ActiveCfg = Debug|Any CPU
		{096D60D0-7683-4A90-8DF0-C2A67FCE62E9}.Debug|Any CPU.Build.0 = Debug|Any CPU
	EndGlobalSection
	GlobalSection(SolutionProperties) = preSolution
		HideSolutionNode = FALSE
	EndGlobalSection
	GlobalSection(ExtensibilityGlobals) = postSolution
		SolutionGuid = {CC074DB6-5B47-47A6-A6C1-442FE771AAA0}
	EndGlobalSection
EndGlobal
